
Microsoft Visual Studio Solution File, Format Version 10.00
# Visual Studio 2008
Project("{FAE04EC0-301F-11D3-BF4B-00C04F79EFBC}") = "MediaLog", "MediaLog\MediaLog.csproj", "{3CC3CE31-FC13-4B30-A810-89828B49C39F}"
EndProject
Global
	GlobalSection(SolutionConfigurationPlatforms) = preSolution
		Debug|Any CPU = Debug|Any CPU
		Release|Any CPU = Release|Any CPU
	EndGlobalSection
	GlobalSection(ProjectConfigurationPlatforms) = postSolution
		{3CC3CE31-FC13-4B30-A810-89828B49C39F}.Debug|Any CPU.ActiveCfg = Debug|Any CPU
		{3CC3CE31-FC13-4B30-A810-89828B49C39F}.Debug|Any CPU.Build.0 = Debug|Any CPU
		{3CC3CE31-FC13-4B30-A810-89828B49C39F}.Release|Any CPU.ActiveCfg = Release|Any CPU
		{3CC3CE31-FC13-4B30-A810-89828B49C39F}.Release|Any CPU.Build.0 = Release|Any CPU
	EndGlobalSection
	GlobalSection(SolutionProperties) = preSolution
		HideSolutionNode = FALSE
	EndGlobalSection
EndGlobal
