
Microsoft Visual Studio Solution File, Format Version 10.00
# Visual Studio 2008
Project("{FAE04EC0-301F-11D3-BF4B-00C04F79EFBC}") = "MediaLog", "MediaLog\MediaLog.csproj", "{3CC3CE31-FC13-4B30-A810-89828B49C39F}"
EndProject
Project("{FAE04EC0-301F-11D3-BF4B-00C04F79EFBC}") = "Catalogo", "Catalogo\Catalogo.csproj", "{7264DFDF-5504-4F54-ABC4-206B484735ED}"
EndProject
Project("{FAE04EC0-301F-11D3-BF4B-00C04F79EFBC}") = "Composite", "Composite\Composite.csproj", "{5BDD58C5-0330-4E08-AE30-1B523E92EB24}"
EndProject
Global
	GlobalSection(SolutionConfigurationPlatforms) = preSolution
		Debug|Any CPU = Debug|Any CPU
		Release|Any CPU = Release|Any CPU
	EndGlobalSection
	GlobalSection(ProjectConfigurationPlatforms) = postSolution
		{3CC3CE31-FC13-4B30-A810-89828B49C39F}.Debug|Any CPU.ActiveCfg = Debug|Any CPU
		{3CC3CE31-FC13-4B30-A810-89828B49C39F}.Debug|Any CPU.Build.0 = Debug|Any CPU
		{3CC3CE31-FC13-4B30-A810-89828B49C39F}.Release|Any CPU.ActiveCfg = Release|Any CPU
		{3CC3CE31-FC13-4B30-A810-89828B49C39F}.Release|Any CPU.Build.0 = Release|Any CPU
		{7264DFDF-5504-4F54-ABC4-206B484735ED}.Debug|Any CPU.ActiveCfg = Debug|Any CPU
		{7264DFDF-5504-4F54-ABC4-206B484735ED}.Debug|Any CPU.Build.0 = Debug|Any CPU
		{7264DFDF-5504-4F54-ABC4-206B484735ED}.Release|Any CPU.ActiveCfg = Release|Any CPU
		{7264DFDF-5504-4F54-ABC4-206B484735ED}.Release|Any CPU.Build.0 = Release|Any CPU
		{5BDD58C5-0330-4E08-AE30-1B523E92EB24}.Debug|Any CPU.ActiveCfg = Debug|Any CPU
		{5BDD58C5-0330-4E08-AE30-1B523E92EB24}.Debug|Any CPU.Build.0 = Debug|Any CPU
		{5BDD58C5-0330-4E08-AE30-1B523E92EB24}.Release|Any CPU.ActiveCfg = Release|Any CPU
		{5BDD58C5-0330-4E08-AE30-1B523E92EB24}.Release|Any CPU.Build.0 = Release|Any CPU
	EndGlobalSection
	GlobalSection(SolutionProperties) = preSolution
		HideSolutionNode = FALSE
	EndGlobalSection
EndGlobal
